
Microsoft Visual Studio Solution File, Format Version 12.00
# Visual Studio Version 16
VisualStudioVersion = 16.0.29806.167
MinimumVisualStudioVersion = 10.0.40219.1
Project("{9A19103F-16F7-4668-BE54-9A1E7A4F7556}") = "Pandemic.Common", "Pandemia.Common\Pandemic.Common.csproj", "{FA154AA1-5A01-4B7D-B4C6-9BEA5A2B0292}"
EndProject
Project("{9A19103F-16F7-4668-BE54-9A1E7A4F7556}") = "Pandemic.Web", "Pandemia.Web\Pandemic.Web.csproj", "{F71EE58D-A3F8-4548-9462-4BF987571E74}"
EndProject
Project("{9A19103F-16F7-4668-BE54-9A1E7A4F7556}") = "Pandemic.Prism", "Pandemia.Prism\Pandemia.Prism\Pandemic.Prism.csproj", "{D6CA36D3-B574-470B-A05E-94C42643B6F2}"
EndProject
Project("{FAE04EC0-301F-11D3-BF4B-00C04F79EFBC}") = "Pandemic.Prism.Android", "Pandemia.Prism\Pandemia.Prism.Android\Pandemic.Prism.Android.csproj", "{6B80E97A-9BD4-4250-A032-3FFD1AFD7675}"
EndProject
Project("{FAE04EC0-301F-11D3-BF4B-00C04F79EFBC}") = "Pandemic.Prism.iOS", "Pandemia.Prism\Pandemia.Prism.iOS\Pandemic.Prism.iOS.csproj", "{7DA3FEF9-F175-4B2C-8A48-DE1F95C88BD6}"
EndProject
Global
	GlobalSection(SolutionConfigurationPlatforms) = preSolution
		Ad-Hoc|Any CPU = Ad-Hoc|Any CPU
		Ad-Hoc|iPhone = Ad-Hoc|iPhone
		Ad-Hoc|iPhoneSimulator = Ad-Hoc|iPhoneSimulator
		AppStore|Any CPU = AppStore|Any CPU
		AppStore|iPhone = AppStore|iPhone
		AppStore|iPhoneSimulator = AppStore|iPhoneSimulator
		Debug|Any CPU = Debug|Any CPU
		Debug|iPhone = Debug|iPhone
		Debug|iPhoneSimulator = Debug|iPhoneSimulator
		Release|Any CPU = Release|Any CPU
		Release|iPhone = Release|iPhone
		Release|iPhoneSimulator = Release|iPhoneSimulator
	EndGlobalSection
	GlobalSection(ProjectConfigurationPlatforms) = postSolution
		{FA154AA1-5A01-4B7D-B4C6-9BEA5A2B0292}.Ad-Hoc|Any CPU.ActiveCfg = Debug|Any CPU
		{FA154AA1-5A01-4B7D-B4C6-9BEA5A2B0292}.Ad-Hoc|Any CPU.Build.0 = Debug|Any CPU
		{FA154AA1-5A01-4B7D-B4C6-9BEA5A2B0292}.Ad-Hoc|iPhone.ActiveCfg = Debug|Any CPU
		{FA154AA1-5A01-4B7D-B4C6-9BEA5A2B0292}.Ad-Hoc|iPhone.Build.0 = Debug|Any CPU
		{FA154AA1-5A01-4B7D-B4C6-9BEA5A2B0292}.Ad-Hoc|iPhoneSimulator.ActiveCfg = Debug|Any CPU
		{FA154AA1-5A01-4B7D-B4C6-9BEA5A2B0292}.Ad-Hoc|iPhoneSimulator.Build.0 = Debug|Any CPU
		{FA154AA1-5A01-4B7D-B4C6-9BEA5A2B0292}.AppStore|Any CPU.ActiveCfg = Debug|Any CPU
		{FA154AA1-5A01-4B7D-B4C6-9BEA5A2B0292}.AppStore|Any CPU.Build.0 = Debug|Any CPU
		{FA154AA1-5A01-4B7D-B4C6-9BEA5A2B0292}.AppStore|iPhone.ActiveCfg = Debug|Any CPU
		{FA154AA1-5A01-4B7D-B4C6-9BEA5A2B0292}.AppStore|iPhone.Build.0 = Debug|Any CPU
		{FA154AA1-5A01-4B7D-B4C6-9BEA5A2B0292}.AppStore|iPhoneSimulator.ActiveCfg = Debug|Any CPU
		{FA154AA1-5A01-4B7D-B4C6-9BEA5A2B0292}.AppStore|iPhoneSimulator.Build.0 = Debug|Any CPU
		{FA154AA1-5A01-4B7D-B4C6-9BEA5A2B0292}.Debug|Any CPU.ActiveCfg = Debug|Any CPU
		{FA154AA1-5A01-4B7D-B4C6-9BEA5A2B0292}.Debug|Any CPU.Build.0 = Debug|Any CPU
		{FA154AA1-5A01-4B7D-B4C6-9BEA5A2B0292}.Debug|iPhone.ActiveCfg = Debug|Any CPU
		{FA154AA1-5A01-4B7D-B4C6-9BEA5A2B0292}.Debug|iPhone.Build.0 = Debug|Any CPU
		{FA154AA1-5A01-4B7D-B4C6-9BEA5A2B0292}.Debug|iPhoneSimulator.ActiveCfg = Debug|Any CPU
		{FA154AA1-5A01-4B7D-B4C6-9BEA5A2B0292}.Debug|iPhoneSimulator.Build.0 = Debug|Any CPU
		{FA154AA1-5A01-4B7D-B4C6-9BEA5A2B0292}.Release|Any CPU.ActiveCfg = Release|Any CPU
		{FA154AA1-5A01-4B7D-B4C6-9BEA5A2B0292}.Release|Any CPU.Build.0 = Release|Any CPU
		{FA154AA1-5A01-4B7D-B4C6-9BEA5A2B0292}.Release|iPhone.ActiveCfg = Release|Any CPU
		{FA154AA1-5A01-4B7D-B4C6-9BEA5A2B0292}.Release|iPhone.Build.0 = Release|Any CPU
		{FA154AA1-5A01-4B7D-B4C6-9BEA5A2B0292}.Release|iPhoneSimulator.ActiveCfg = Release|Any CPU
		{FA154AA1-5A01-4B7D-B4C6-9BEA5A2B0292}.Release|iPhoneSimulator.Build.0 = Release|Any CPU
		{F71EE58D-A3F8-4548-9462-4BF987571E74}.Ad-Hoc|Any CPU.ActiveCfg = Debug|Any CPU
		{F71EE58D-A3F8-4548-9462-4BF987571E74}.Ad-Hoc|Any CPU.Build.0 = Debug|Any CPU
		{F71EE58D-A3F8-4548-9462-4BF987571E74}.Ad-Hoc|iPhone.ActiveCfg = Debug|Any CPU
		{F71EE58D-A3F8-4548-9462-4BF987571E74}.Ad-Hoc|iPhone.Build.0 = Debug|Any CPU
		{F71EE58D-A3F8-4548-9462-4BF987571E74}.Ad-Hoc|iPhoneSimulator.ActiveCfg = Debug|Any CPU
		{F71EE58D-A3F8-4548-9462-4BF987571E74}.Ad-Hoc|iPhoneSimulator.Build.0 = Debug|Any CPU
		{F71EE58D-A3F8-4548-9462-4BF987571E74}.AppStore|Any CPU.ActiveCfg = Debug|Any CPU
		{F71EE58D-A3F8-4548-9462-4BF987571E74}.AppStore|Any CPU.Build.0 = Debug|Any CPU
		{F71EE58D-A3F8-4548-9462-4BF987571E74}.AppStore|iPhone.ActiveCfg = Debug|Any CPU
		{F71EE58D-A3F8-4548-9462-4BF987571E74}.AppStore|iPhone.Build.0 = Debug|Any CPU
		{F71EE58D-A3F8-4548-9462-4BF987571E74}.AppStore|iPhoneSimulator.ActiveCfg = Debug|Any CPU
		{F71EE58D-A3F8-4548-9462-4BF987571E74}.AppStore|iPhoneSimulator.Build.0 = Debug|Any CPU
		{F71EE58D-A3F8-4548-9462-4BF987571E74}.Debug|Any CPU.ActiveCfg = Debug|Any CPU
		{F71EE58D-A3F8-4548-9462-4BF987571E74}.Debug|Any CPU.Build.0 = Debug|Any CPU
		{F71EE58D-A3F8-4548-9462-4BF987571E74}.Debug|iPhone.ActiveCfg = Debug|Any CPU
		{F71EE58D-A3F8-4548-9462-4BF987571E74}.Debug|iPhone.Build.0 = Debug|Any CPU
		{F71EE58D-A3F8-4548-9462-4BF987571E74}.Debug|iPhoneSimulator.ActiveCfg = Debug|Any CPU
		{F71EE58D-A3F8-4548-9462-4BF987571E74}.Debug|iPhoneSimulator.Build.0 = Debug|Any CPU
		{F71EE58D-A3F8-4548-9462-4BF987571E74}.Release|Any CPU.ActiveCfg = Release|Any CPU
		{F71EE58D-A3F8-4548-9462-4BF987571E74}.Release|Any CPU.Build.0 = Release|Any CPU
		{F71EE58D-A3F8-4548-9462-4BF987571E74}.Release|iPhone.ActiveCfg = Release|Any CPU
		{F71EE58D-A3F8-4548-9462-4BF987571E74}.Release|iPhone.Build.0 = Release|Any CPU
		{F71EE58D-A3F8-4548-9462-4BF987571E74}.Release|iPhoneSimulator.ActiveCfg = Release|Any CPU
		{F71EE58D-A3F8-4548-9462-4BF987571E74}.Release|iPhoneSimulator.Build.0 = Release|Any CPU
		{D6CA36D3-B574-470B-A05E-94C42643B6F2}.Ad-Hoc|Any CPU.ActiveCfg = Debug|Any CPU
		{D6CA36D3-B574-470B-A05E-94C42643B6F2}.Ad-Hoc|Any CPU.Build.0 = Debug|Any CPU
		{D6CA36D3-B574-470B-A05E-94C42643B6F2}.Ad-Hoc|iPhone.ActiveCfg = Debug|Any CPU
		{D6CA36D3-B574-470B-A05E-94C42643B6F2}.Ad-Hoc|iPhone.Build.0 = Debug|Any CPU
		{D6CA36D3-B574-470B-A05E-94C42643B6F2}.Ad-Hoc|iPhoneSimulator.ActiveCfg = Debug|Any CPU
		{D6CA36D3-B574-470B-A05E-94C42643B6F2}.Ad-Hoc|iPhoneSimulator.Build.0 = Debug|Any CPU
		{D6CA36D3-B574-470B-A05E-94C42643B6F2}.AppStore|Any CPU.ActiveCfg = Debug|Any CPU
		{D6CA36D3-B574-470B-A05E-94C42643B6F2}.AppStore|Any CPU.Build.0 = Debug|Any CPU
		{D6CA36D3-B574-470B-A05E-94C42643B6F2}.AppStore|iPhone.ActiveCfg = Debug|Any CPU
		{D6CA36D3-B574-470B-A05E-94C42643B6F2}.AppStore|iPhone.Build.0 = Debug|Any CPU
		{D6CA36D3-B574-470B-A05E-94C42643B6F2}.AppStore|iPhoneSimulator.ActiveCfg = Debug|Any CPU
		{D6CA36D3-B574-470B-A05E-94C42643B6F2}.AppStore|iPhoneSimulator.Build.0 = Debug|Any CPU
		{D6CA36D3-B574-470B-A05E-94C42643B6F2}.Debug|Any CPU.ActiveCfg = Debug|Any CPU
		{D6CA36D3-B574-470B-A05E-94C42643B6F2}.Debug|Any CPU.Build.0 = Debug|Any CPU
		{D6CA36D3-B574-470B-A05E-94C42643B6F2}.Debug|iPhone.ActiveCfg = Debug|Any CPU
		{D6CA36D3-B574-470B-A05E-94C42643B6F2}.Debug|iPhone.Build.0 = Debug|Any CPU
		{D6CA36D3-B574-470B-A05E-94C42643B6F2}.Debug|iPhoneSimulator.ActiveCfg = Debug|Any CPU
		{D6CA36D3-B574-470B-A05E-94C42643B6F2}.Debug|iPhoneSimulator.Build.0 = Debug|Any CPU
		{D6CA36D3-B574-470B-A05E-94C42643B6F2}.Release|Any CPU.ActiveCfg = Release|Any CPU
		{D6CA36D3-B574-470B-A05E-94C42643B6F2}.Release|Any CPU.Build.0 = Release|Any CPU
		{D6CA36D3-B574-470B-A05E-94C42643B6F2}.Release|iPhone.ActiveCfg = Release|Any CPU
		{D6CA36D3-B574-470B-A05E-94C42643B6F2}.Release|iPhone.Build.0 = Release|Any CPU
		{D6CA36D3-B574-470B-A05E-94C42643B6F2}.Release|iPhoneSimulator.ActiveCfg = Release|Any CPU
		{D6CA36D3-B574-470B-A05E-94C42643B6F2}.Release|iPhoneSimulator.Build.0 = Release|Any CPU
		{6B80E97A-9BD4-4250-A032-3FFD1AFD7675}.Ad-Hoc|Any CPU.ActiveCfg = Release|Any CPU
		{6B80E97A-9BD4-4250-A032-3FFD1AFD7675}.Ad-Hoc|Any CPU.Build.0 = Release|Any CPU
		{6B80E97A-9BD4-4250-A032-3FFD1AFD7675}.Ad-Hoc|Any CPU.Deploy.0 = Release|Any CPU
		{6B80E97A-9BD4-4250-A032-3FFD1AFD7675}.Ad-Hoc|iPhone.ActiveCfg = Release|Any CPU
		{6B80E97A-9BD4-4250-A032-3FFD1AFD7675}.Ad-Hoc|iPhone.Build.0 = Release|Any CPU
		{6B80E97A-9BD4-4250-A032-3FFD1AFD7675}.Ad-Hoc|iPhone.Deploy.0 = Release|Any CPU
		{6B80E97A-9BD4-4250-A032-3FFD1AFD7675}.Ad-Hoc|iPhoneSimulator.ActiveCfg = Release|Any CPU
		{6B80E97A-9BD4-4250-A032-3FFD1AFD7675}.Ad-Hoc|iPhoneSimulator.Build.0 = Release|Any CPU
		{6B80E97A-9BD4-4250-A032-3FFD1AFD7675}.Ad-Hoc|iPhoneSimulator.Deploy.0 = Release|Any CPU
		{6B80E97A-9BD4-4250-A032-3FFD1AFD7675}.AppStore|Any CPU.ActiveCfg = Release|Any CPU
		{6B80E97A-9BD4-4250-A032-3FFD1AFD7675}.AppStore|Any CPU.Build.0 = Release|Any CPU
		{6B80E97A-9BD4-4250-A032-3FFD1AFD7675}.AppStore|Any CPU.Deploy.0 = Release|Any CPU
		{6B80E97A-9BD4-4250-A032-3FFD1AFD7675}.AppStore|iPhone.ActiveCfg = Release|Any CPU
		{6B80E97A-9BD4-4250-A032-3FFD1AFD7675}.AppStore|iPhone.Build.0 = Release|Any CPU
		{6B80E97A-9BD4-4250-A032-3FFD1AFD7675}.AppStore|iPhone.Deploy.0 = Release|Any CPU
		{6B80E97A-9BD4-4250-A032-3FFD1AFD7675}.AppStore|iPhoneSimulator.ActiveCfg = Release|Any CPU
		{6B80E97A-9BD4-4250-A032-3FFD1AFD7675}.AppStore|iPhoneSimulator.Build.0 = Release|Any CPU
		{6B80E97A-9BD4-4250-A032-3FFD1AFD7675}.AppStore|iPhoneSimulator.Deploy.0 = Release|Any CPU
		{6B80E97A-9BD4-4250-A032-3FFD1AFD7675}.Debug|Any CPU.ActiveCfg = Debug|Any CPU
		{6B80E97A-9BD4-4250-A032-3FFD1AFD7675}.Debug|Any CPU.Build.0 = Debug|Any CPU
		{6B80E97A-9BD4-4250-A032-3FFD1AFD7675}.Debug|Any CPU.Deploy.0 = Debug|Any CPU
		{6B80E97A-9BD4-4250-A032-3FFD1AFD7675}.Debug|iPhone.ActiveCfg = Debug|Any CPU
		{6B80E97A-9BD4-4250-A032-3FFD1AFD7675}.Debug|iPhone.Build.0 = Debug|Any CPU
		{6B80E97A-9BD4-4250-A032-3FFD1AFD7675}.Debug|iPhone.Deploy.0 = Debug|Any CPU
		{6B80E97A-9BD4-4250-A032-3FFD1AFD7675}.Debug|iPhoneSimulator.ActiveCfg = Debug|Any CPU
		{6B80E97A-9BD4-4250-A032-3FFD1AFD7675}.Debug|iPhoneSimulator.Build.0 = Debug|Any CPU
		{6B80E97A-9BD4-4250-A032-3FFD1AFD7675}.Debug|iPhoneSimulator.Deploy.0 = Debug|Any CPU
		{6B80E97A-9BD4-4250-A032-3FFD1AFD7675}.Release|Any CPU.ActiveCfg = Release|Any CPU
		{6B80E97A-9BD4-4250-A032-3FFD1AFD7675}.Release|Any CPU.Build.0 = Release|Any CPU
		{6B80E97A-9BD4-4250-A032-3FFD1AFD7675}.Release|Any CPU.Deploy.0 = Release|Any CPU
		{6B80E97A-9BD4-4250-A032-3FFD1AFD7675}.Release|iPhone.ActiveCfg = Release|Any CPU
		{6B80E97A-9BD4-4250-A032-3FFD1AFD7675}.Release|iPhone.Build.0 = Release|Any CPU
		{6B80E97A-9BD4-4250-A032-3FFD1AFD7675}.Release|iPhone.Deploy.0 = Release|Any CPU
		{6B80E97A-9BD4-4250-A032-3FFD1AFD7675}.Release|iPhoneSimulator.ActiveCfg = Release|Any CPU
		{6B80E97A-9BD4-4250-A032-3FFD1AFD7675}.Release|iPhoneSimulator.Build.0 = Release|Any CPU
		{6B80E97A-9BD4-4250-A032-3FFD1AFD7675}.Release|iPhoneSimulator.Deploy.0 = Release|Any CPU
		{7DA3FEF9-F175-4B2C-8A48-DE1F95C88BD6}.Ad-Hoc|Any CPU.ActiveCfg = Ad-Hoc|iPhone
		{7DA3FEF9-F175-4B2C-8A48-DE1F95C88BD6}.Ad-Hoc|iPhone.ActiveCfg = Ad-Hoc|iPhone
		{7DA3FEF9-F175-4B2C-8A48-DE1F95C88BD6}.Ad-Hoc|iPhone.Build.0 = Ad-Hoc|iPhone
		{7DA3FEF9-F175-4B2C-8A48-DE1F95C88BD6}.Ad-Hoc|iPhoneSimulator.ActiveCfg = Ad-Hoc|iPhoneSimulator
		{7DA3FEF9-F175-4B2C-8A48-DE1F95C88BD6}.Ad-Hoc|iPhoneSimulator.Build.0 = Ad-Hoc|iPhoneSimulator
		{7DA3FEF9-F175-4B2C-8A48-DE1F95C88BD6}.AppStore|Any CPU.ActiveCfg = AppStore|iPhone
		{7DA3FEF9-F175-4B2C-8A48-DE1F95C88BD6}.AppStore|iPhone.ActiveCfg = AppStore|iPhone
		{7DA3FEF9-F175-4B2C-8A48-DE1F95C88BD6}.AppStore|iPhone.Build.0 = AppStore|iPhone
		{7DA3FEF9-F175-4B2C-8A48-DE1F95C88BD6}.AppStore|iPhoneSimulator.ActiveCfg = AppStore|iPhoneSimulator
		{7DA3FEF9-F175-4B2C-8A48-DE1F95C88BD6}.AppStore|iPhoneSimulator.Build.0 = AppStore|iPhoneSimulator
		{7DA3FEF9-F175-4B2C-8A48-DE1F95C88BD6}.Debug|Any CPU.ActiveCfg = Debug|iPhone
		{7DA3FEF9-F175-4B2C-8A48-DE1F95C88BD6}.Debug|iPhone.ActiveCfg = Debug|iPhone
		{7DA3FEF9-F175-4B2C-8A48-DE1F95C88BD6}.Debug|iPhone.Build.0 = Debug|iPhone
		{7DA3FEF9-F175-4B2C-8A48-DE1F95C88BD6}.Debug|iPhoneSimulator.ActiveCfg = Debug|iPhoneSimulator
		{7DA3FEF9-F175-4B2C-8A48-DE1F95C88BD6}.Debug|iPhoneSimulator.Build.0 = Debug|iPhoneSimulator
		{7DA3FEF9-F175-4B2C-8A48-DE1F95C88BD6}.Release|Any CPU.ActiveCfg = Release|iPhone
		{7DA3FEF9-F175-4B2C-8A48-DE1F95C88BD6}.Release|iPhone.ActiveCfg = Release|iPhone
		{7DA3FEF9-F175-4B2C-8A48-DE1F95C88BD6}.Release|iPhone.Build.0 = Release|iPhone
		{7DA3FEF9-F175-4B2C-8A48-DE1F95C88BD6}.Release|iPhoneSimulator.ActiveCfg = Release|iPhoneSimulator
		{7DA3FEF9-F175-4B2C-8A48-DE1F95C88BD6}.Release|iPhoneSimulator.Build.0 = Release|iPhoneSimulator
	EndGlobalSection
	GlobalSection(SolutionProperties) = preSolution
		HideSolutionNode = FALSE
	EndGlobalSection
	GlobalSection(ExtensibilityGlobals) = postSolution
		SolutionGuid = {14D97A08-B2C0-43E0-AE4E-04589E3DD34C}
	EndGlobalSection
EndGlobal
